
Microsoft Visual Studio Solution File, Format Version 12.00
# Visual Studio Version 16
VisualStudioVersion = 16.0.30621.155
MinimumVisualStudioVersion = 10.0.40219.1
Project("{FAE04EC0-301F-11D3-BF4B-00C04F79EFBC}") = "Week_Two_Challenges", "Week_Two_Challenges\Week_Two_Challenges.csproj", "{A921CBC9-CFAC-4857-869E-D015DB3586F7}"
EndProject
Global
	GlobalSection(SolutionConfigurationPlatforms) = preSolution
		Debug|Any CPU = Debug|Any CPU
		Release|Any CPU = Release|Any CPU
	EndGlobalSection
	GlobalSection(ProjectConfigurationPlatforms) = postSolution
		{A921CBC9-CFAC-4857-869E-D015DB3586F7}.Debug|Any CPU.ActiveCfg = Debug|Any CPU
		{A921CBC9-CFAC-4857-869E-D015DB3586F7}.Debug|Any CPU.Build.0 = Debug|Any CPU
		{A921CBC9-CFAC-4857-869E-D015DB3586F7}.Release|Any CPU.ActiveCfg = Release|Any CPU
		{A921CBC9-CFAC-4857-869E-D015DB3586F7}.Release|Any CPU.Build.0 = Release|Any CPU
	EndGlobalSection
	GlobalSection(SolutionProperties) = preSolution
		HideSolutionNode = FALSE
	EndGlobalSection
	GlobalSection(ExtensibilityGlobals) = postSolution
		SolutionGuid = {B359E2CC-E055-4109-A433-8D5CEB9A6EC6}
	EndGlobalSection
EndGlobal
